// !$*UTF8*$!
{
	archiveVersion = 1;
	classes = {
	};
	objectVersion = 51;
	objects = {

/* Begin PBXBuildFile section */
		850CF54C260F8E1A00FFFAA3 /* AppDelegate.swift in Sources */ = {isa = PBXBuildFile; fileRef = 850CF54B260F8E1A00FFFAA3 /* AppDelegate.swift */; };
		850CF54E260F8E1A00FFFAA3 /* art.scnassets in Resources */ = {isa = PBXBuildFile; fileRef = 850CF54D260F8E1A00FFFAA3 /* art.scnassets */; };
		850CF550260F8E1A00FFFAA3 /* ViewController.swift in Sources */ = {isa = PBXBuildFile; fileRef = 850CF54F260F8E1A00FFFAA3 /* ViewController.swift */; };
		850CF553260F8E1A00FFFAA3 /* Main.storyboard in Resources */ = {isa = PBXBuildFile; fileRef = 850CF551260F8E1A00FFFAA3 /* Main.storyboard */; };
		850CF555260F8E1C00FFFAA3 /* Assets.xcassets in Resources */ = {isa = PBXBuildFile; fileRef = 850CF554260F8E1C00FFFAA3 /* Assets.xcassets */; };
		850CF558260F8E1C00FFFAA3 /* LaunchScreen.storyboard in Resources */ = {isa = PBXBuildFile; fileRef = 850CF556260F8E1C00FFFAA3 /* LaunchScreen.storyboard */; };
		8574471D260FAE300015B42B /* Pods_beans.framework in Frameworks */ = {isa = PBXBuildFile; fileRef = D73BBB529554C9A2AA0BF823 /* Pods_beans.framework */; };
		8574471E260FAE300015B42B /* Pods_beans.framework in Embed Frameworks */ = {isa = PBXBuildFile; fileRef = D73BBB529554C9A2AA0BF823 /* Pods_beans.framework */; settings = {ATTRIBUTES = (CodeSignOnCopy, RemoveHeadersOnCopy, ); }; };
		8574473C260FE0E60015B42B /* BookmarksTableViewCell.swift in Sources */ = {isa = PBXBuildFile; fileRef = 8574473A260FE0E60015B42B /* BookmarksTableViewCell.swift */; };
		8574473D260FE0E60015B42B /* BookmarksTableViewCell.xib in Resources */ = {isa = PBXBuildFile; fileRef = 8574473B260FE0E60015B42B /* BookmarksTableViewCell.xib */; };
		8574473F260FE69C0015B42B /* SpecificBookmarkViewController.swift in Sources */ = {isa = PBXBuildFile; fileRef = 8574473E260FE69C0015B42B /* SpecificBookmarkViewController.swift */; };
		85744741260FE9940015B42B /* BookmarkData.swift in Sources */ = {isa = PBXBuildFile; fileRef = 85744740260FE9940015B42B /* BookmarkData.swift */; };
		85744743260FEC3B0015B42B /* GlobalVariables.swift in Sources */ = {isa = PBXBuildFile; fileRef = 85744742260FEC3B0015B42B /* GlobalVariables.swift */; };
		8574475D2610486A0015B42B /* YOLOv3Tiny.mlmodel in Sources */ = {isa = PBXBuildFile; fileRef = 8574475C261048690015B42B /* YOLOv3Tiny.mlmodel */; };
		8592B840260F91A200E6CA3A /* GoogleService-Info.plist in Resources */ = {isa = PBXBuildFile; fileRef = 8592B83F260F91A200E6CA3A /* GoogleService-Info.plist */; };
		8592B845260F92A900E6CA3A /* artbean.storyboard in Resources */ = {isa = PBXBuildFile; fileRef = 8592B844260F92A900E6CA3A /* artbean.storyboard */; };
		8592B848260F92B400E6CA3A /* chembean.storyboard in Resources */ = {isa = PBXBuildFile; fileRef = 8592B847260F92B400E6CA3A /* chembean.storyboard */; };
		8592B84B260F92BD00E6CA3A /* homebean.storyboard in Resources */ = {isa = PBXBuildFile; fileRef = 8592B84A260F92BD00E6CA3A /* homebean.storyboard */; };
		8592B84E260F92C500E6CA3A /* itemhistobean.storyboard in Resources */ = {isa = PBXBuildFile; fileRef = 8592B84D260F92C500E6CA3A /* itemhistobean.storyboard */; };
		8592B851260F932400E6CA3A /* ArtBeanViewController.swift in Sources */ = {isa = PBXBuildFile; fileRef = 8592B850260F932400E6CA3A /* ArtBeanViewController.swift */; };
		8592B855260F933200E6CA3A /* ChemBeanViewController.swift in Sources */ = {isa = PBXBuildFile; fileRef = 8592B854260F933200E6CA3A /* ChemBeanViewController.swift */; };
		8592B858260F933D00E6CA3A /* HomeBeanViewController.swift in Sources */ = {isa = PBXBuildFile; fileRef = 8592B857260F933D00E6CA3A /* HomeBeanViewController.swift */; };
		8592B85B260F934900E6CA3A /* ItemHistoBeanViewController.swift in Sources */ = {isa = PBXBuildFile; fileRef = 8592B85A260F934900E6CA3A /* ItemHistoBeanViewController.swift */; };
		8592B85E260F936300E6CA3A /* HomeViewController.swift in Sources */ = {isa = PBXBuildFile; fileRef = 8592B85D260F936300E6CA3A /* HomeViewController.swift */; };
		8592B861260F939100E6CA3A /* BeanPicker.storyboard in Resources */ = {isa = PBXBuildFile; fileRef = 8592B860260F939100E6CA3A /* BeanPicker.storyboard */; };
		8592B864260F939F00E6CA3A /* Bookmark.storyboard in Resources */ = {isa = PBXBuildFile; fileRef = 8592B863260F939F00E6CA3A /* Bookmark.storyboard */; };
		8592B867260F93B700E6CA3A /* Recommendations.storyboard in Resources */ = {isa = PBXBuildFile; fileRef = 8592B866260F93B700E6CA3A /* Recommendations.storyboard */; };
		8592B86E260F949F00E6CA3A /* RecommendationsViewController.swift in Sources */ = {isa = PBXBuildFile; fileRef = 8592B86D260F949F00E6CA3A /* RecommendationsViewController.swift */; };
		8592B871260F94AB00E6CA3A /* BookmarkViewController.swift in Sources */ = {isa = PBXBuildFile; fileRef = 8592B870260F94AB00E6CA3A /* BookmarkViewController.swift */; };
		8592B874260F94FA00E6CA3A /* BeanPickerViewController.swift in Sources */ = {isa = PBXBuildFile; fileRef = 8592B873260F94FA00E6CA3A /* BeanPickerViewController.swift */; };
		8592B878260F952700E6CA3A /* DatabaseManager.swift in Sources */ = {isa = PBXBuildFile; fileRef = 8592B877260F952700E6CA3A /* DatabaseManager.swift */; };
/* End PBXBuildFile section */

/* Begin PBXCopyFilesBuildPhase section */
		8574471F260FAE300015B42B /* Embed Frameworks */ = {
			isa = PBXCopyFilesBuildPhase;
			buildActionMask = 2147483647;
			dstPath = "";
			dstSubfolderSpec = 10;
			files = (
				8574471E260FAE300015B42B /* Pods_beans.framework in Embed Frameworks */,
			);
			name = "Embed Frameworks";
			runOnlyForDeploymentPostprocessing = 0;
		};
/* End PBXCopyFilesBuildPhase section */

/* Begin PBXFileReference section */
		30323980E4CFA4637126BD0F /* Pods-beans.debug.xcconfig */ = {isa = PBXFileReference; includeInIndex = 1; lastKnownFileType = text.xcconfig; name = "Pods-beans.debug.xcconfig"; path = "Target Support Files/Pods-beans/Pods-beans.debug.xcconfig"; sourceTree = "<group>"; };
		65F7EBD5A154E765DD15B6AB /* Pods-beans.release.xcconfig */ = {isa = PBXFileReference; includeInIndex = 1; lastKnownFileType = text.xcconfig; name = "Pods-beans.release.xcconfig"; path = "Target Support Files/Pods-beans/Pods-beans.release.xcconfig"; sourceTree = "<group>"; };
		850CF548260F8E1A00FFFAA3 /* beans.app */ = {isa = PBXFileReference; explicitFileType = wrapper.application; includeInIndex = 0; path = beans.app; sourceTree = BUILT_PRODUCTS_DIR; };
		850CF54B260F8E1A00FFFAA3 /* AppDelegate.swift */ = {isa = PBXFileReference; lastKnownFileType = sourcecode.swift; path = AppDelegate.swift; sourceTree = "<group>"; };
		850CF54D260F8E1A00FFFAA3 /* art.scnassets */ = {isa = PBXFileReference; lastKnownFileType = wrapper.scnassets; path = art.scnassets; sourceTree = "<group>"; };
		850CF54F260F8E1A00FFFAA3 /* ViewController.swift */ = {isa = PBXFileReference; lastKnownFileType = sourcecode.swift; path = ViewController.swift; sourceTree = "<group>"; };
		850CF552260F8E1A00FFFAA3 /* Base */ = {isa = PBXFileReference; lastKnownFileType = file.storyboard; name = Base; path = Base.lproj/Main.storyboard; sourceTree = "<group>"; };
		850CF554260F8E1C00FFFAA3 /* Assets.xcassets */ = {isa = PBXFileReference; lastKnownFileType = folder.assetcatalog; path = Assets.xcassets; sourceTree = "<group>"; };
		850CF557260F8E1C00FFFAA3 /* Base */ = {isa = PBXFileReference; lastKnownFileType = file.storyboard; name = Base; path = Base.lproj/LaunchScreen.storyboard; sourceTree = "<group>"; };
		850CF559260F8E1C00FFFAA3 /* Info.plist */ = {isa = PBXFileReference; lastKnownFileType = text.plist.xml; path = Info.plist; sourceTree = "<group>"; };
		8574473A260FE0E60015B42B /* BookmarksTableViewCell.swift */ = {isa = PBXFileReference; lastKnownFileType = sourcecode.swift; path = BookmarksTableViewCell.swift; sourceTree = "<group>"; };
		8574473B260FE0E60015B42B /* BookmarksTableViewCell.xib */ = {isa = PBXFileReference; lastKnownFileType = file.xib; path = BookmarksTableViewCell.xib; sourceTree = "<group>"; };
		8574473E260FE69C0015B42B /* SpecificBookmarkViewController.swift */ = {isa = PBXFileReference; lastKnownFileType = sourcecode.swift; path = SpecificBookmarkViewController.swift; sourceTree = "<group>"; };
		85744740260FE9940015B42B /* BookmarkData.swift */ = {isa = PBXFileReference; lastKnownFileType = sourcecode.swift; path = BookmarkData.swift; sourceTree = "<group>"; };
		85744742260FEC3B0015B42B /* GlobalVariables.swift */ = {isa = PBXFileReference; lastKnownFileType = sourcecode.swift; path = GlobalVariables.swift; sourceTree = "<group>"; };
		8574475C261048690015B42B /* YOLOv3Tiny.mlmodel */ = {isa = PBXFileReference; lastKnownFileType = file.mlmodel; path = YOLOv3Tiny.mlmodel; sourceTree = "<group>"; };
		8592B83F260F91A200E6CA3A /* GoogleService-Info.plist */ = {isa = PBXFileReference; fileEncoding = 4; lastKnownFileType = text.plist.xml; path = "GoogleService-Info.plist"; sourceTree = "<group>"; };
		8592B844260F92A900E6CA3A /* artbean.storyboard */ = {isa = PBXFileReference; lastKnownFileType = file.storyboard; path = artbean.storyboard; sourceTree = "<group>"; };
		8592B847260F92B400E6CA3A /* chembean.storyboard */ = {isa = PBXFileReference; lastKnownFileType = file.storyboard; path = chembean.storyboard; sourceTree = "<group>"; };
		8592B84A260F92BD00E6CA3A /* homebean.storyboard */ = {isa = PBXFileReference; lastKnownFileType = file.storyboard; path = homebean.storyboard; sourceTree = "<group>"; };
		8592B84D260F92C500E6CA3A /* itemhistobean.storyboard */ = {isa = PBXFileReference; lastKnownFileType = file.storyboard; path = itemhistobean.storyboard; sourceTree = "<group>"; };
		8592B850260F932400E6CA3A /* ArtBeanViewController.swift */ = {isa = PBXFileReference; lastKnownFileType = sourcecode.swift; path = ArtBeanViewController.swift; sourceTree = "<group>"; };
		8592B854260F933200E6CA3A /* ChemBeanViewController.swift */ = {isa = PBXFileReference; lastKnownFileType = sourcecode.swift; path = ChemBeanViewController.swift; sourceTree = "<group>"; };
		8592B857260F933D00E6CA3A /* HomeBeanViewController.swift */ = {isa = PBXFileReference; lastKnownFileType = sourcecode.swift; path = HomeBeanViewController.swift; sourceTree = "<group>"; };
		8592B85A260F934900E6CA3A /* ItemHistoBeanViewController.swift */ = {isa = PBXFileReference; lastKnownFileType = sourcecode.swift; path = ItemHistoBeanViewController.swift; sourceTree = "<group>"; };
		8592B85D260F936300E6CA3A /* HomeViewController.swift */ = {isa = PBXFileReference; lastKnownFileType = sourcecode.swift; path = HomeViewController.swift; sourceTree = "<group>"; };
		8592B860260F939100E6CA3A /* BeanPicker.storyboard */ = {isa = PBXFileReference; lastKnownFileType = file.storyboard; path = BeanPicker.storyboard; sourceTree = "<group>"; };
		8592B863260F939F00E6CA3A /* Bookmark.storyboard */ = {isa = PBXFileReference; lastKnownFileType = file.storyboard; path = Bookmark.storyboard; sourceTree = "<group>"; };
		8592B866260F93B700E6CA3A /* Recommendations.storyboard */ = {isa = PBXFileReference; lastKnownFileType = file.storyboard; path = Recommendations.storyboard; sourceTree = "<group>"; };
		8592B86D260F949F00E6CA3A /* RecommendationsViewController.swift */ = {isa = PBXFileReference; lastKnownFileType = sourcecode.swift; path = RecommendationsViewController.swift; sourceTree = "<group>"; };
		8592B870260F94AB00E6CA3A /* BookmarkViewController.swift */ = {isa = PBXFileReference; lastKnownFileType = sourcecode.swift; path = BookmarkViewController.swift; sourceTree = "<group>"; };
		8592B873260F94FA00E6CA3A /* BeanPickerViewController.swift */ = {isa = PBXFileReference; lastKnownFileType = sourcecode.swift; path = BeanPickerViewController.swift; sourceTree = "<group>"; };
		8592B877260F952700E6CA3A /* DatabaseManager.swift */ = {isa = PBXFileReference; lastKnownFileType = sourcecode.swift; path = DatabaseManager.swift; sourceTree = "<group>"; };
		D73BBB529554C9A2AA0BF823 /* Pods_beans.framework */ = {isa = PBXFileReference; explicitFileType = wrapper.framework; includeInIndex = 0; path = Pods_beans.framework; sourceTree = BUILT_PRODUCTS_DIR; };
/* End PBXFileReference section */

/* Begin PBXFrameworksBuildPhase section */
		850CF545260F8E1A00FFFAA3 /* Frameworks */ = {
			isa = PBXFrameworksBuildPhase;
			buildActionMask = 2147483647;
			files = (
				8574471D260FAE300015B42B /* Pods_beans.framework in Frameworks */,
			);
			runOnlyForDeploymentPostprocessing = 0;
		};
/* End PBXFrameworksBuildPhase section */

/* Begin PBXGroup section */
		343F12738EF546FE855EB342 /* Frameworks */ = {
			isa = PBXGroup;
			children = (
				D73BBB529554C9A2AA0BF823 /* Pods_beans.framework */,
			);
			name = Frameworks;
			sourceTree = "<group>";
		};
		850CF53F260F8E1A00FFFAA3 = {
			isa = PBXGroup;
			children = (
				850CF54A260F8E1A00FFFAA3 /* beans */,
				850CF549260F8E1A00FFFAA3 /* Products */,
				C981266805036F174453B238 /* Pods */,
				343F12738EF546FE855EB342 /* Frameworks */,
			);
			sourceTree = "<group>";
		};
		850CF549260F8E1A00FFFAA3 /* Products */ = {
			isa = PBXGroup;
			children = (
				850CF548260F8E1A00FFFAA3 /* beans.app */,
			);
			name = Products;
			sourceTree = "<group>";
		};
		850CF54A260F8E1A00FFFAA3 /* beans */ = {
			isa = PBXGroup;
			children = (
				8592B83F260F91A200E6CA3A /* GoogleService-Info.plist */,
				850CF54B260F8E1A00FFFAA3 /* AppDelegate.swift */,
				8574475C261048690015B42B /* YOLOv3Tiny.mlmodel */,
				8592B876260F951400E6CA3A /* Resources */,
				8592B843260F926D00E6CA3A /* View Controllers */,
				8592B842260F925100E6CA3A /* Storyboards */,
				850CF54D260F8E1A00FFFAA3 /* art.scnassets */,
				850CF554260F8E1C00FFFAA3 /* Assets.xcassets */,
				850CF559260F8E1C00FFFAA3 /* Info.plist */,
			);
			path = beans;
			sourceTree = "<group>";
		};
		8592B842260F925100E6CA3A /* Storyboards */ = {
			isa = PBXGroup;
			children = (
				850CF556260F8E1C00FFFAA3 /* LaunchScreen.storyboard */,
				850CF551260F8E1A00FFFAA3 /* Main.storyboard */,
				8592B860260F939100E6CA3A /* BeanPicker.storyboard */,
				8592B863260F939F00E6CA3A /* Bookmark.storyboard */,
				8592B866260F93B700E6CA3A /* Recommendations.storyboard */,
				8592B869260F93C400E6CA3A /* Bean AR View Storyboard */,
			);
			path = Storyboards;
			sourceTree = "<group>";
		};
		8592B843260F926D00E6CA3A /* View Controllers */ = {
			isa = PBXGroup;
			children = (
				850CF54F260F8E1A00FFFAA3 /* ViewController.swift */,
				8592B86B260F947800E6CA3A /* Bean AR VC */,
				8592B85D260F936300E6CA3A /* HomeViewController.swift */,
				8592B86D260F949F00E6CA3A /* RecommendationsViewController.swift */,
				8592B870260F94AB00E6CA3A /* BookmarkViewController.swift */,
				8592B873260F94FA00E6CA3A /* BeanPickerViewController.swift */,
				8574473E260FE69C0015B42B /* SpecificBookmarkViewController.swift */,
			);
			path = "View Controllers";
			sourceTree = "<group>";
		};
		8592B869260F93C400E6CA3A /* Bean AR View Storyboard */ = {
			isa = PBXGroup;
			children = (
				8592B844260F92A900E6CA3A /* artbean.storyboard */,
				8592B847260F92B400E6CA3A /* chembean.storyboard */,
				8592B84A260F92BD00E6CA3A /* homebean.storyboard */,
				8592B84D260F92C500E6CA3A /* itemhistobean.storyboard */,
			);
			path = "Bean AR View Storyboard";
			sourceTree = "<group>";
		};
		8592B86B260F947800E6CA3A /* Bean AR VC */ = {
			isa = PBXGroup;
			children = (
				8592B850260F932400E6CA3A /* ArtBeanViewController.swift */,
				8592B854260F933200E6CA3A /* ChemBeanViewController.swift */,
				8592B857260F933D00E6CA3A /* HomeBeanViewController.swift */,
				8592B85A260F934900E6CA3A /* ItemHistoBeanViewController.swift */,
			);
			path = "Bean AR VC";
			sourceTree = "<group>";
		};
		8592B876260F951400E6CA3A /* Resources */ = {
			isa = PBXGroup;
			children = (
				8592B87A260F956500E6CA3A /* Classes */,
				8592B877260F952700E6CA3A /* DatabaseManager.swift */,
				8574473A260FE0E60015B42B /* BookmarksTableViewCell.swift */,
				8574473B260FE0E60015B42B /* BookmarksTableViewCell.xib */,
				85744742260FEC3B0015B42B /* GlobalVariables.swift */,
			);
			path = Resources;
			sourceTree = "<group>";
		};
		8592B87A260F956500E6CA3A /* Classes */ = {
			isa = PBXGroup;
			children = (
				85744740260FE9940015B42B /* BookmarkData.swift */,
			);
			path = Classes;
			sourceTree = "<group>";
		};
		C981266805036F174453B238 /* Pods */ = {
			isa = PBXGroup;
			children = (
				30323980E4CFA4637126BD0F /* Pods-beans.debug.xcconfig */,
				65F7EBD5A154E765DD15B6AB /* Pods-beans.release.xcconfig */,
			);
			path = Pods;
			sourceTree = "<group>";
		};
/* End PBXGroup section */

/* Begin PBXNativeTarget section */
		850CF547260F8E1A00FFFAA3 /* beans */ = {
			isa = PBXNativeTarget;
			buildConfigurationList = 850CF55C260F8E1C00FFFAA3 /* Build configuration list for PBXNativeTarget "beans" */;
			buildPhases = (
				7FFA91431C5AF9375C67C56F /* [CP] Check Pods Manifest.lock */,
				850CF544260F8E1A00FFFAA3 /* Sources */,
				850CF545260F8E1A00FFFAA3 /* Frameworks */,
				850CF546260F8E1A00FFFAA3 /* Resources */,
				322C2ED16A800D8234A1C91C /* [CP] Embed Pods Frameworks */,
				8574471F260FAE300015B42B /* Embed Frameworks */,
			);
			buildRules = (
			);
			dependencies = (
			);
			name = beans;
			productName = beans;
			productReference = 850CF548260F8E1A00FFFAA3 /* beans.app */;
			productType = "com.apple.product-type.application";
		};
/* End PBXNativeTarget section */

/* Begin PBXProject section */
		850CF540260F8E1A00FFFAA3 /* Project object */ = {
			isa = PBXProject;
			attributes = {
				LastSwiftUpdateCheck = 1240;
				LastUpgradeCheck = 1240;
				TargetAttributes = {
					850CF547260F8E1A00FFFAA3 = {
						CreatedOnToolsVersion = 12.4;
					};
				};
			};
			buildConfigurationList = 850CF543260F8E1A00FFFAA3 /* Build configuration list for PBXProject "beans" */;
			compatibilityVersion = "Xcode 9.3";
			developmentRegion = en;
			hasScannedForEncodings = 0;
			knownRegions = (
				en,
				Base,
			);
			mainGroup = 850CF53F260F8E1A00FFFAA3;
			productRefGroup = 850CF549260F8E1A00FFFAA3 /* Products */;
			projectDirPath = "";
			projectRoot = "";
			targets = (
				850CF547260F8E1A00FFFAA3 /* beans */,
			);
		};
/* End PBXProject section */

/* Begin PBXResourcesBuildPhase section */
		850CF546260F8E1A00FFFAA3 /* Resources */ = {
			isa = PBXResourcesBuildPhase;
			buildActionMask = 2147483647;
			files = (
				8592B848260F92B400E6CA3A /* chembean.storyboard in Resources */,
				8574473D260FE0E60015B42B /* BookmarksTableViewCell.xib in Resources */,
				8592B867260F93B700E6CA3A /* Recommendations.storyboard in Resources */,
				8592B84E260F92C500E6CA3A /* itemhistobean.storyboard in Resources */,
				8592B84B260F92BD00E6CA3A /* homebean.storyboard in Resources */,
				8592B840260F91A200E6CA3A /* GoogleService-Info.plist in Resources */,
				8592B861260F939100E6CA3A /* BeanPicker.storyboard in Resources */,
				8592B864260F939F00E6CA3A /* Bookmark.storyboard in Resources */,
				850CF54E260F8E1A00FFFAA3 /* art.scnassets in Resources */,
				850CF558260F8E1C00FFFAA3 /* LaunchScreen.storyboard in Resources */,
				850CF555260F8E1C00FFFAA3 /* Assets.xcassets in Resources */,
				8592B845260F92A900E6CA3A /* artbean.storyboard in Resources */,
				850CF553260F8E1A00FFFAA3 /* Main.storyboard in Resources */,
			);
			runOnlyForDeploymentPostprocessing = 0;
		};
/* End PBXResourcesBuildPhase section */

/* Begin PBXShellScriptBuildPhase section */
		322C2ED16A800D8234A1C91C /* [CP] Embed Pods Frameworks */ = {
			isa = PBXShellScriptBuildPhase;
			buildActionMask = 2147483647;
			files = (
			);
			inputFileListPaths = (
				"${PODS_ROOT}/Target Support Files/Pods-beans/Pods-beans-frameworks-${CONFIGURATION}-input-files.xcfilelist",
			);
			name = "[CP] Embed Pods Frameworks";
			outputFileListPaths = (
				"${PODS_ROOT}/Target Support Files/Pods-beans/Pods-beans-frameworks-${CONFIGURATION}-output-files.xcfilelist",
			);
			runOnlyForDeploymentPostprocessing = 0;
			shellPath = /bin/sh;
			shellScript = "\"${PODS_ROOT}/Target Support Files/Pods-beans/Pods-beans-frameworks.sh\"\n";
			showEnvVarsInLog = 0;
		};
		7FFA91431C5AF9375C67C56F /* [CP] Check Pods Manifest.lock */ = {
			isa = PBXShellScriptBuildPhase;
			buildActionMask = 2147483647;
			files = (
			);
			inputFileListPaths = (
			);
			inputPaths = (
				"${PODS_PODFILE_DIR_PATH}/Podfile.lock",
				"${PODS_ROOT}/Manifest.lock",
			);
			name = "[CP] Check Pods Manifest.lock";
			outputFileListPaths = (
			);
			outputPaths = (
				"$(DERIVED_FILE_DIR)/Pods-beans-checkManifestLockResult.txt",
			);
			runOnlyForDeploymentPostprocessing = 0;
			shellPath = /bin/sh;
			shellScript = "diff \"${PODS_PODFILE_DIR_PATH}/Podfile.lock\" \"${PODS_ROOT}/Manifest.lock\" > /dev/null\nif [ $? != 0 ] ; then\n    # print error to STDERR\n    echo \"error: The sandbox is not in sync with the Podfile.lock. Run 'pod install' or update your CocoaPods installation.\" >&2\n    exit 1\nfi\n# This output is used by Xcode 'outputs' to avoid re-running this script phase.\necho \"SUCCESS\" > \"${SCRIPT_OUTPUT_FILE_0}\"\n";
			showEnvVarsInLog = 0;
		};
/* End PBXShellScriptBuildPhase section */

/* Begin PBXSourcesBuildPhase section */
		850CF544260F8E1A00FFFAA3 /* Sources */ = {
			isa = PBXSourcesBuildPhase;
			buildActionMask = 2147483647;
			files = (
				8574473F260FE69C0015B42B /* SpecificBookmarkViewController.swift in Sources */,
				8592B874260F94FA00E6CA3A /* BeanPickerViewController.swift in Sources */,
				8592B878260F952700E6CA3A /* DatabaseManager.swift in Sources */,
				850CF550260F8E1A00FFFAA3 /* ViewController.swift in Sources */,
				8592B85B260F934900E6CA3A /* ItemHistoBeanViewController.swift in Sources */,
				8592B855260F933200E6CA3A /* ChemBeanViewController.swift in Sources */,
				8592B858260F933D00E6CA3A /* HomeBeanViewController.swift in Sources */,
				85744741260FE9940015B42B /* BookmarkData.swift in Sources */,
				8592B851260F932400E6CA3A /* ArtBeanViewController.swift in Sources */,
				85744743260FEC3B0015B42B /* GlobalVariables.swift in Sources */,
				8574475D2610486A0015B42B /* YOLOv3Tiny.mlmodel in Sources */,
				8592B86E260F949F00E6CA3A /* RecommendationsViewController.swift in Sources */,
				8592B85E260F936300E6CA3A /* HomeViewController.swift in Sources */,
				8592B871260F94AB00E6CA3A /* BookmarkViewController.swift in Sources */,
				850CF54C260F8E1A00FFFAA3 /* AppDelegate.swift in Sources */,
				8574473C260FE0E60015B42B /* BookmarksTableViewCell.swift in Sources */,
			);
			runOnlyForDeploymentPostprocessing = 0;
		};
/* End PBXSourcesBuildPhase section */

/* Begin PBXVariantGroup section */
		850CF551260F8E1A00FFFAA3 /* Main.storyboard */ = {
			isa = PBXVariantGroup;
			children = (
				850CF552260F8E1A00FFFAA3 /* Base */,
			);
			name = Main.storyboard;
			sourceTree = "<group>";
		};
		850CF556260F8E1C00FFFAA3 /* LaunchScreen.storyboard */ = {
			isa = PBXVariantGroup;
			children = (
				850CF557260F8E1C00FFFAA3 /* Base */,
			);
			name = LaunchScreen.storyboard;
			sourceTree = "<group>";
		};
/* End PBXVariantGroup section */

/* Begin XCBuildConfiguration section */
		850CF55A260F8E1C00FFFAA3 /* Debug */ = {
			isa = XCBuildConfiguration;
			buildSettings = {
				ALWAYS_SEARCH_USER_PATHS = NO;
				CLANG_ANALYZER_NONNULL = YES;
				CLANG_ANALYZER_NUMBER_OBJECT_CONVERSION = YES_AGGRESSIVE;
				CLANG_CXX_LANGUAGE_STANDARD = "gnu++14";
				CLANG_CXX_LIBRARY = "libc++";
				CLANG_ENABLE_MODULES = YES;
				CLANG_ENABLE_OBJC_ARC = YES;
				CLANG_ENABLE_OBJC_WEAK = YES;
				CLANG_WARN_BLOCK_CAPTURE_AUTORELEASING = YES;
				CLANG_WARN_BOOL_CONVERSION = YES;
				CLANG_WARN_COMMA = YES;
				CLANG_WARN_CONSTANT_CONVERSION = YES;
				CLANG_WARN_DEPRECATED_OBJC_IMPLEMENTATIONS = YES;
				CLANG_WARN_DIRECT_OBJC_ISA_USAGE = YES_ERROR;
				CLANG_WARN_DOCUMENTATION_COMMENTS = YES;
				CLANG_WARN_EMPTY_BODY = YES;
				CLANG_WARN_ENUM_CONVERSION = YES;
				CLANG_WARN_INFINITE_RECURSION = YES;
				CLANG_WARN_INT_CONVERSION = YES;
				CLANG_WARN_NON_LITERAL_NULL_CONVERSION = YES;
				CLANG_WARN_OBJC_IMPLICIT_RETAIN_SELF = YES;
				CLANG_WARN_OBJC_LITERAL_CONVERSION = YES;
				CLANG_WARN_OBJC_ROOT_CLASS = YES_ERROR;
				CLANG_WARN_QUOTED_INCLUDE_IN_FRAMEWORK_HEADER = YES;
				CLANG_WARN_RANGE_LOOP_ANALYSIS = YES;
				CLANG_WARN_STRICT_PROTOTYPES = YES;
				CLANG_WARN_SUSPICIOUS_MOVE = YES;
				CLANG_WARN_UNGUARDED_AVAILABILITY = YES_AGGRESSIVE;
				CLANG_WARN_UNREACHABLE_CODE = YES;
				CLANG_WARN__DUPLICATE_METHOD_MATCH = YES;
				COPY_PHASE_STRIP = NO;
				DEBUG_INFORMATION_FORMAT = dwarf;
				ENABLE_STRICT_OBJC_MSGSEND = YES;
				ENABLE_TESTABILITY = YES;
				"EXCLUDED_ARCHS[sdk=iphonesimulator*]" = arm64;
				GCC_C_LANGUAGE_STANDARD = gnu11;
				GCC_DYNAMIC_NO_PIC = NO;
				GCC_NO_COMMON_BLOCKS = YES;
				GCC_OPTIMIZATION_LEVEL = 0;
				GCC_PREPROCESSOR_DEFINITIONS = (
					"DEBUG=1",
					"$(inherited)",
				);
				GCC_WARN_64_TO_32_BIT_CONVERSION = YES;
				GCC_WARN_ABOUT_RETURN_TYPE = YES_ERROR;
				GCC_WARN_UNDECLARED_SELECTOR = YES;
				GCC_WARN_UNINITIALIZED_AUTOS = YES_AGGRESSIVE;
				GCC_WARN_UNUSED_FUNCTION = YES;
				GCC_WARN_UNUSED_VARIABLE = YES;
				IPHONEOS_DEPLOYMENT_TARGET = 14.4;
				MTL_ENABLE_DEBUG_INFO = INCLUDE_SOURCE;
				MTL_FAST_MATH = YES;
				ONLY_ACTIVE_ARCH = YES;
				SDKROOT = iphoneos;
				SWIFT_ACTIVE_COMPILATION_CONDITIONS = DEBUG;
				SWIFT_OPTIMIZATION_LEVEL = "-Onone";
			};
			name = Debug;
		};
		850CF55B260F8E1C00FFFAA3 /* Release */ = {
			isa = XCBuildConfiguration;
			buildSettings = {
				ALWAYS_SEARCH_USER_PATHS = NO;
				CLANG_ANALYZER_NONNULL = YES;
				CLANG_ANALYZER_NUMBER_OBJECT_CONVERSION = YES_AGGRESSIVE;
				CLANG_CXX_LANGUAGE_STANDARD = "gnu++14";
				CLANG_CXX_LIBRARY = "libc++";
				CLANG_ENABLE_MODULES = YES;
				CLANG_ENABLE_OBJC_ARC = YES;
				CLANG_ENABLE_OBJC_WEAK = YES;
				CLANG_WARN_BLOCK_CAPTURE_AUTORELEASING = YES;
				CLANG_WARN_BOOL_CONVERSION = YES;
				CLANG_WARN_COMMA = YES;
				CLANG_WARN_CONSTANT_CONVERSION = YES;
				CLANG_WARN_DEPRECATED_OBJC_IMPLEMENTATIONS = YES;
				CLANG_WARN_DIRECT_OBJC_ISA_USAGE = YES_ERROR;
				CLANG_WARN_DOCUMENTATION_COMMENTS = YES;
				CLANG_WARN_EMPTY_BODY = YES;
				CLANG_WARN_ENUM_CONVERSION = YES;
				CLANG_WARN_INFINITE_RECURSION = YES;
				CLANG_WARN_INT_CONVERSION = YES;
				CLANG_WARN_NON_LITERAL_NULL_CONVERSION = YES;
				CLANG_WARN_OBJC_IMPLICIT_RETAIN_SELF = YES;
				CLANG_WARN_OBJC_LITERAL_CONVERSION = YES;
				CLANG_WARN_OBJC_ROOT_CLASS = YES_ERROR;
				CLANG_WARN_QUOTED_INCLUDE_IN_FRAMEWORK_HEADER = YES;
				CLANG_WARN_RANGE_LOOP_ANALYSIS = YES;
				CLANG_WARN_STRICT_PROTOTYPES = YES;
				CLANG_WARN_SUSPICIOUS_MOVE = YES;
				CLANG_WARN_UNGUARDED_AVAILABILITY = YES_AGGRESSIVE;
				CLANG_WARN_UNREACHABLE_CODE = YES;
				CLANG_WARN__DUPLICATE_METHOD_MATCH = YES;
				COPY_PHASE_STRIP = NO;
				DEBUG_INFORMATION_FORMAT = "dwarf-with-dsym";
				ENABLE_NS_ASSERTIONS = NO;
				ENABLE_STRICT_OBJC_MSGSEND = YES;
				"EXCLUDED_ARCHS[sdk=iphonesimulator*]" = arm64;
				GCC_C_LANGUAGE_STANDARD = gnu11;
				GCC_NO_COMMON_BLOCKS = YES;
				GCC_WARN_64_TO_32_BIT_CONVERSION = YES;
				GCC_WARN_ABOUT_RETURN_TYPE = YES_ERROR;
				GCC_WARN_UNDECLARED_SELECTOR = YES;
				GCC_WARN_UNINITIALIZED_AUTOS = YES_AGGRESSIVE;
				GCC_WARN_UNUSED_FUNCTION = YES;
				GCC_WARN_UNUSED_VARIABLE = YES;
				IPHONEOS_DEPLOYMENT_TARGET = 14.4;
				MTL_ENABLE_DEBUG_INFO = NO;
				MTL_FAST_MATH = YES;
				SDKROOT = iphoneos;
				SWIFT_COMPILATION_MODE = wholemodule;
				SWIFT_OPTIMIZATION_LEVEL = "-O";
				VALIDATE_PRODUCT = YES;
			};
			name = Release;
		};
		850CF55D260F8E1C00FFFAA3 /* Debug */ = {
			isa = XCBuildConfiguration;
			baseConfigurationReference = 30323980E4CFA4637126BD0F /* Pods-beans.debug.xcconfig */;
			buildSettings = {
				ASSETCATALOG_COMPILER_APPICON_NAME = AppIcon;
				ASSETCATALOG_COMPILER_GLOBAL_ACCENT_COLOR_NAME = AccentColor;
				CODE_SIGN_IDENTITY = "Apple Development";
				CODE_SIGN_STYLE = Automatic;
				DEVELOPMENT_TEAM = T675PC557V;
				INFOPLIST_FILE = beans/Info.plist;
				LD_RUNPATH_SEARCH_PATHS = (
					"$(inherited)",
					"@executable_path/Frameworks",
				);
				PRODUCT_BUNDLE_IDENTIFIER = "clara-jeon.beans";
				PRODUCT_NAME = "$(TARGET_NAME)";
				PROVISIONING_PROFILE_SPECIFIER = "";
				SWIFT_VERSION = 5.0;
				TARGETED_DEVICE_FAMILY = "1,2";
			};
			name = Debug;
		};
		850CF55E260F8E1C00FFFAA3 /* Release */ = {
			isa = XCBuildConfiguration;
			baseConfigurationReference = 65F7EBD5A154E765DD15B6AB /* Pods-beans.release.xcconfig */;
			buildSettings = {
				ASSETCATALOG_COMPILER_APPICON_NAME = AppIcon;
				ASSETCATALOG_COMPILER_GLOBAL_ACCENT_COLOR_NAME = AccentColor;
				CODE_SIGN_IDENTITY = "Apple Development";
				CODE_SIGN_STYLE = Automatic;
				DEVELOPMENT_TEAM = T675PC557V;
				INFOPLIST_FILE = beans/Info.plist;
				LD_RUNPATH_SEARCH_PATHS = (
					"$(inherited)",
					"@executable_path/Frameworks",
				);
				PRODUCT_BUNDLE_IDENTIFIER = "clara-jeon.beans";
				PRODUCT_NAME = "$(TARGET_NAME)";
				PROVISIONING_PROFILE_SPECIFIER = "";
				SWIFT_VERSION = 5.0;
				TARGETED_DEVICE_FAMILY = "1,2";
			};
			name = Release;
		};
/* End XCBuildConfiguration section */

/* Begin XCConfigurationList section */
		850CF543260F8E1A00FFFAA3 /* Build configuration list for PBXProject "beans" */ = {
			isa = XCConfigurationList;
			buildConfigurations = (
				850CF55A260F8E1C00FFFAA3 /* Debug */,
				850CF55B260F8E1C00FFFAA3 /* Release */,
			);
			defaultConfigurationIsVisible = 0;
			defaultConfigurationName = Release;
		};
		850CF55C260F8E1C00FFFAA3 /* Build configuration list for PBXNativeTarget "beans" */ = {
			isa = XCConfigurationList;
			buildConfigurations = (
				850CF55D260F8E1C00FFFAA3 /* Debug */,
				850CF55E260F8E1C00FFFAA3 /* Release */,
			);
			defaultConfigurationIsVisible = 0;
			defaultConfigurationName = Release;
		};
/* End XCConfigurationList section */
	};
	rootObject = 850CF540260F8E1A00FFFAA3 /* Project object */;
}
